Microsoft Visual Studio Solution File, Format Version 12.00
# Visual Studio Version 17
VisualStudioVersion = 17.5.2.0
MinimumVisualStudioVersion = 10.0.40219.1
Project("{FAE04EC0-301F-11D3-BF4B-00C04F79EFBC}") = "JobTracker", "JobTracker\JobTracker.csproj", "{C39DE637-8B44-A3CE-5F2D-E6EBFB1E4D49}"
EndProject
Global
	GlobalSection(SolutionConfigurationPlatforms) = preSolution
		Debug|Any CPU = Debug|Any CPU
		Release|Any CPU = Release|Any CPU
	EndGlobalSection
	GlobalSection(ProjectConfigurationPlatforms) = postSolution
		{C39DE637-8B44-A3CE-5F2D-E6EBFB1E4D49}.Debug|Any CPU.ActiveCfg = Debug|Any CPU
		{C39DE637-8B44-A3CE-5F2D-E6EBFB1E4D49}.Debug|Any CPU.Build.0 = Debug|Any CPU
		{C39DE637-8B44-A3CE-5F2D-E6EBFB1E4D49}.Release|Any CPU.ActiveCfg = Release|Any CPU
		{C39DE637-8B44-A3CE-5F2D-E6EBFB1E4D49}.Release|Any CPU.Build.0 = Release|Any CPU
	EndGlobalSection
	GlobalSection(SolutionProperties) = preSolution
		HideSolutionNode = FALSE
	EndGlobalSection
	GlobalSection(ExtensibilityGlobals) = postSolution
		SolutionGuid = {89611AD4-65EE-4617-82F6-4D6D258DC460}
	EndGlobalSection
EndGlobal
